
Microsoft Visual Studio Solution File, Format Version 12.00
# Visual Studio Version 16
VisualStudioVersion = 16.0.32002.261
MinimumVisualStudioVersion = 10.0.40219.1
Project("{FAE04EC0-301F-11D3-BF4B-00C04F79EFBC}") = "ClientChatApp_20190140097_FaysalFM", "ClientChatApp_20190140097_FaysalFM.csproj", "{1FCE324A-0C8A-4B9F-BEE1-F2A1FBF04641}"
EndProject
Global
	GlobalSection(SolutionConfigurationPlatforms) = preSolution
		Debug|Any CPU = Debug|Any CPU
		Release|Any CPU = Release|Any CPU
	EndGlobalSection
	GlobalSection(ProjectConfigurationPlatforms) = postSolution
		{1FCE324A-0C8A-4B9F-BEE1-F2A1FBF04641}.Debug|Any CPU.ActiveCfg = Debug|Any CPU
		{1FCE324A-0C8A-4B9F-BEE1-F2A1FBF04641}.Debug|Any CPU.Build.0 = Debug|Any CPU
		{1FCE324A-0C8A-4B9F-BEE1-F2A1FBF04641}.Release|Any CPU.ActiveCfg = Release|Any CPU
		{1FCE324A-0C8A-4B9F-BEE1-F2A1FBF04641}.Release|Any CPU.Build.0 = Release|Any CPU
	EndGlobalSection
	GlobalSection(SolutionProperties) = preSolution
		HideSolutionNode = FALSE
	EndGlobalSection
	GlobalSection(ExtensibilityGlobals) = postSolution
		SolutionGuid = {339E448F-6EFD-45E6-B8DD-B571A48BA785}
	EndGlobalSection
EndGlobal
